<?xml version="1.0" encoding="utf-8"?>
<Project ToolsVersion="4.0" xmlns="http://schemas.microsoft.com/developer/msbuild/2003">
  <ItemGroup>
    <Filter Include="Source Files">
      <UniqueIdentifier>{4FC737F1-C7A5-4376-A066-2A32D752A2FF}</UniqueIdentifier>
      <Extensions>cpp;c;cc;cxx;c++;cppm;ixx;def;odl;idl;hpj;bat;asm;asmx</Extensions>
    </Filter>
    <Filter Include="Header Files">
      <UniqueIdentifier>{93995380-89BD-4b04-88EB-625FBE52EBFB}</UniqueIdentifier>
      <Extensions>h;hh;hpp;hxx;h++;hm;inl;inc;ipp;xsd</Extensions>
    </Filter>
    <Filter Include="Resource Files">
      <UniqueIdentifier>{67DA6AB6-F800-4c08-8B7A-83BB121AAD01}</UniqueIdentifier>
      <Extensions>rc;ico;cur;bmp;dlg;rc2;rct;bin;rgs;gif;jpg;jpeg;jpe;resx;tiff;tif;png;wav;mfcribbon-ms</Extensions>
    </Filter>
    <Filter Include="Source Files\json">
      <UniqueIdentifier>{3d065f6b-28de-4843-87bf-b47ab0bf2329}</UniqueIdentifier>
    </Filter>
    <Filter Include="Source Files\GUI">
      <UniqueIdentifier>{d78b4c3e-8a1c-4859-a21b-e8c792282110}</UniqueIdentifier>
    </Filter>
  </ItemGroup>
  <ItemGroup>
    <ClCompile Include="main.cpp">
      <Filter>Source Files</Filter>
    </ClCompile>
    <ClCompile Include="dataview.cpp">
      <Filter>Source Files\GUI</Filter>
    </ClCompile>
    <ClCompile Include="idMapExtract.cpp">
      <Filter>Source Files\GUI</Filter>
    </ClCompile>
    <ClCompile Include="entityviewmodel.cpp">
      <Filter>Source Files\GUI</Filter>
    </ClCompile>
    <ClCompile Include="ResourcesParser.cpp">
      <Filter>Source Files\GUI</Filter>
    </ClCompile>
    <ClCompile Include="Dialogs.cpp">
      <Filter>Source Files\GUI</Filter>
    </ClCompile>
    <ClCompile Include="FileTreeModel.cpp">
      <Filter>Source Files\GUI</Filter>
    </ClCompile>
  </ItemGroup>
  <ItemGroup>
    <ClInclude Include="..\rapidjson\allocators.h">
      <Filter>Source Files\json</Filter>
    </ClInclude>
    <ClInclude Include="..\rapidjson\cursorstreamwrapper.h">
      <Filter>Source Files\json</Filter>
    </ClInclude>
    <ClInclude Include="..\rapidjson\document.h">
      <Filter>Source Files\json</Filter>
    </ClInclude>
    <ClInclude Include="..\rapidjson\encodedstream.h">
      <Filter>Source Files\json</Filter>
    </ClInclude>
    <ClInclude Include="..\rapidjson\encodings.h">
      <Filter>Source Files\json</Filter>
    </ClInclude>
    <ClInclude Include="..\rapidjson\filereadstream.h">
      <Filter>Source Files\json</Filter>
    </ClInclude>
    <ClInclude Include="..\rapidjson\filewritestream.h">
      <Filter>Source Files\json</Filter>
    </ClInclude>
    <ClInclude Include="..\rapidjson\fwd.h">
      <Filter>Source Files\json</Filter>
    </ClInclude>
    <ClInclude Include="..\rapidjson\istreamwrapper.h">
      <Filter>Source Files\json</Filter>
    </ClInclude>
    <ClInclude Include="..\rapidjson\memorybuffer.h">
      <Filter>Source Files\json</Filter>
    </ClInclude>
    <ClInclude Include="..\rapidjson\memorystream.h">
      <Filter>Source Files\json</Filter>
    </ClInclude>
    <ClInclude Include="..\rapidjson\ostreamwrapper.h">
      <Filter>Source Files\json</Filter>
    </ClInclude>
    <ClInclude Include="..\rapidjson\pointer.h">
      <Filter>Source Files\json</Filter>
    </ClInclude>
    <ClInclude Include="..\rapidjson\prettywriter.h">
      <Filter>Source Files\json</Filter>
    </ClInclude>
    <ClInclude Include="..\rapidjson\rapidjson.h">
      <Filter>Source Files\json</Filter>
    </ClInclude>
    <ClInclude Include="..\rapidjson\reader.h">
      <Filter>Source Files\json</Filter>
    </ClInclude>
    <ClInclude Include="..\rapidjson\schema.h">
      <Filter>Source Files\json</Filter>
    </ClInclude>
    <ClInclude Include="..\rapidjson\stream.h">
      <Filter>Source Files\json</Filter>
    </ClInclude>
    <ClInclude Include="..\rapidjson\stringbuffer.h">
      <Filter>Source Files\json</Filter>
    </ClInclude>
    <ClInclude Include="..\rapidjson\writer.h">
      <Filter>Source Files\json</Filter>
    </ClInclude>
    <ClInclude Include="Command.h">
      <Filter>Source Files\GUI</Filter>
    </ClInclude>
    <ClInclude Include="entityviewmodel.h">
      <Filter>Source Files\GUI</Filter>
    </ClInclude>
    <ClInclude Include="Dialogs.h">
      <Filter>Source Files\GUI</Filter>
    </ClInclude>
    <ClInclude Include="ResourcesParser.h">
      <Filter>Source Files\GUI</Filter>
    </ClInclude>
    <ClInclude Include="FileTreeModel.h">
      <Filter>Source Files\GUI</Filter>
    </ClInclude>
    <ClInclude Include="resource.h">
      <Filter>Header Files</Filter>
    </ClInclude>
  </ItemGroup>
  <ItemGroup>
    <ResourceCompile Include="EntityHero.rc">
      <Filter>Resource Files</Filter>
    </ResourceCompile>
  </ItemGroup>
  <ItemGroup>
    <Image Include="Papirus-Team-Papirus-Apps-Freeciv-server.ico">
      <Filter>Resource Files</Filter>
    </Image>
    <Image Include="icon.ico">
      <Filter>Resource Files</Filter>
    </Image>
  </ItemGroup>
</Project>